// !$*UTF8*$!
{
	archiveVersion = 1;
	classes = {
	};
	objectVersion = 46;
	objects = {

/* Begin PBXBuildFile section */
		00E356F31AD99517003FC87E /* VolunteersPmrTests.m in Sources */ = {isa = PBXBuildFile; fileRef = 00E356F21AD99517003FC87E /* VolunteersPmrTests.m */; };
		13B07FBC1A68108700A75B9A /* AppDelegate.m in Sources */ = {isa = PBXBuildFile; fileRef = 13B07FB01A68108700A75B9A /* AppDelegate.m */; };
		13B07FBD1A68108700A75B9A /* LaunchScreen.xib in Resources */ = {isa = PBXBuildFile; fileRef = 13B07FB11A68108700A75B9A /* LaunchScreen.xib */; };
		13B07FBF1A68108700A75B9A /* Images.xcassets in Resources */ = {isa = PBXBuildFile; fileRef = 13B07FB51A68108700A75B9A /* Images.xcassets */; };
		13B07FC11A68108700A75B9A /* main.m in Sources */ = {isa = PBXBuildFile; fileRef = 13B07FB71A68108700A75B9A /* main.m */; };
		2D02E4BC1E0B4A80006451C7 /* AppDelegate.m in Sources */ = {isa = PBXBuildFile; fileRef = 13B07FB01A68108700A75B9A /* AppDelegate.m */; };
		2D02E4BD1E0B4A84006451C7 /* Images.xcassets in Resources */ = {isa = PBXBuildFile; fileRef = 13B07FB51A68108700A75B9A /* Images.xcassets */; };
		2D02E4BF1E0B4AB3006451C7 /* main.m in Sources */ = {isa = PBXBuildFile; fileRef = 13B07FB71A68108700A75B9A /* main.m */; };
		2DCD954D1E0B4F2C00145EB5 /* VolunteersPmrTests.m in Sources */ = {isa = PBXBuildFile; fileRef = 00E356F21AD99517003FC87E /* VolunteersPmrTests.m */; };
		459089494F0BF74B742556A2 /* libPods-VolunteersPmr-tvOS.a in Frameworks */ = {isa = PBXBuildFile; fileRef = C53ED6BD441D6D2C7B13C2E3 /* libPods-VolunteersPmr-tvOS.a */; };
		62F425D752C4140AC5AC4995 /* libPods-VolunteersPmrTests.a in Frameworks */ = {isa = PBXBuildFile; fileRef = D867F2E7747894ADD2F24A18 /* libPods-VolunteersPmrTests.a */; };
		6EE984507217552571CA073F /* libPods-VolunteersPmr.a in Frameworks */ = {isa = PBXBuildFile; fileRef = 4967DECE8412253E8BBF3F65 /* libPods-VolunteersPmr.a */; };
		881FAFB2865AB456AFABF3E8 /* libPods-VolunteersPmr-tvOSTests.a in Frameworks */ = {isa = PBXBuildFile; fileRef = 983EB0E579222D563FE3A80D /* libPods-VolunteersPmr-tvOSTests.a */; };
		9A91BD02E6DD4BA8B98719CE /* roboto-regular.ttf in Resources */ = {isa = PBXBuildFile; fileRef = D49B14F7F9254BCB86C2AC2B /* roboto-regular.ttf */; };
		B17251A85F704AB69D4664AA /* opensans-regular.ttf in Resources */ = {isa = PBXBuildFile; fileRef = B7B1F94453BE4BCD9C034024 /* opensans-regular.ttf */; };
		1B6F20C2E98B4DED852E666C /* opensans-bold-italic.ttf in Resources */ = {isa = PBXBuildFile; fileRef = 6C3ED5A1907E44D797CE826F /* opensans-bold-italic.ttf */; };
		D3CC58055ED34722A655E740 /* opensans-bold.ttf in Resources */ = {isa = PBXBuildFile; fileRef = 76B819CDC188401985C18ABC /* opensans-bold.ttf */; };
		A0F8A1944499489283F03DB1 /* opensans-extra-bold-italic.ttf in Resources */ = {isa = PBXBuildFile; fileRef = 00070A637FE249B9BF164AE7 /* opensans-extra-bold-italic.ttf */; };
		F82235274CF941E1A69C2C9A /* opensans-extra-bold.ttf in Resources */ = {isa = PBXBuildFile; fileRef = 91791B61EF564273A953DDDC /* opensans-extra-bold.ttf */; };
		3E1C42FB103B41C79D4C824B /* opensans-italic.ttf in Resources */ = {isa = PBXBuildFile; fileRef = 12EB85F3CFD8443C838269B4 /* opensans-italic.ttf */; };
		196E843DBB714FCAAA8EDC5D /* opensans-light.ttf in Resources */ = {isa = PBXBuildFile; fileRef = 2D38BA407E27406F99117FF7 /* opensans-light.ttf */; };
		3401EFB16EED45FCB783511D /* opensans-lignt-italic.ttf in Resources */ = {isa = PBXBuildFile; fileRef = 678F0FBD03A94992BFA13C22 /* opensans-lignt-italic.ttf */; };
		88060BCE5BBF4F898812AAA5 /* opensans-semibold-italic.ttf in Resources */ = {isa = PBXBuildFile; fileRef = 7C514521586C4F25AC666C29 /* opensans-semibold-italic.ttf */; };
		BD3A1AFCBF9346D6BEEB9CB2 /* opensans-semibold.ttf in Resources */ = {isa = PBXBuildFile; fileRef = F5F8B715558844C984C2CC58 /* opensans-semibold.ttf */; };
		B65B8289A6E444F0B7B27625 /* opensans-bold-italic.ttf in Resources */ = {isa = PBXBuildFile; fileRef = FD468A25659F4E5894269C0A /* opensans-bold-italic.ttf */; };
		D415A6E81987402E9B00AD2E /* opensans-bold.ttf in Resources */ = {isa = PBXBuildFile; fileRef = A82BF451743542A5BF9F20AE /* opensans-bold.ttf */; };
		D48D5AA1E6734B91BB510AB0 /* opensans-extra-bold-italic.ttf in Resources */ = {isa = PBXBuildFile; fileRef = 0AB94A7262184723B3B307D1 /* opensans-extra-bold-italic.ttf */; };
		B5426A05E9F34DBBA9761128 /* opensans-extra-bold.ttf in Resources */ = {isa = PBXBuildFile; fileRef = 28E5D65B83E14EC79DB9DA46 /* opensans-extra-bold.ttf */; };
		22F4C46BC9A241B99702BE17 /* opensans-italic.ttf in Resources */ = {isa = PBXBuildFile; fileRef = CAB769B6CB2145839234DD3B /* opensans-italic.ttf */; };
		BEE43605FD7A419E92E7A38F /* opensans-light.ttf in Resources */ = {isa = PBXBuildFile; fileRef = A6B65A84E76F4A46993CB300 /* opensans-light.ttf */; };
		4816812F5E2A4C0585FE0591 /* opensans-lignt-italic.ttf in Resources */ = {isa = PBXBuildFile; fileRef = 4BD510947A384E6D89978648 /* opensans-lignt-italic.ttf */; };
		EB1699DE046F4AFCAFA24D67 /* opensans-regular.ttf in Resources */ = {isa = PBXBuildFile; fileRef = 21810AAC28C347958B8CA28D /* opensans-regular.ttf */; };
		62AF5E102AB74E32A5FBFFB4 /* opensans-semibold-italic.ttf in Resources */ = {isa = PBXBuildFile; fileRef = C43F52866D3147BF8EBC8DFA /* opensans-semibold-italic.ttf */; };
		9C6DF788EC4C4027A2FC9AC2 /* opensans-semibold.ttf in Resources */ = {isa = PBXBuildFile; fileRef = E46EEF4E76E44CBC86CF817C /* opensans-semibold.ttf */; };
		90FAB5E4B475473F83B7079C /* roboto-regular.ttf in Resources */ = {isa = PBXBuildFile; fileRef = 74A028647FE2423984D9E154 /* roboto-regular.ttf */; };
/* End PBXBuildFile section */

/* Begin PBXContainerItemProxy section */
		00E356F41AD99517003FC87E /* PBXContainerItemProxy */ = {
			isa = PBXContainerItemProxy;
			containerPortal = 83CBB9F71A601CBA00E9B192 /* Project object */;
			proxyType = 1;
			remoteGlobalIDString = 13B07F861A680F5B00A75B9A;
			remoteInfo = VolunteersPmr;
		};
		2D02E4911E0B4A5D006451C7 /* PBXContainerItemProxy */ = {
			isa = PBXContainerItemProxy;
			containerPortal = 83CBB9F71A601CBA00E9B192 /* Project object */;
			proxyType = 1;
			remoteGlobalIDString = 2D02E47A1E0B4A5D006451C7;
			remoteInfo = "VolunteersPmr-tvOS";
		};
/* End PBXContainerItemProxy section */

/* Begin PBXFileReference section */
		008F07F21AC5B25A0029DE68 /* main.jsbundle */ = {isa = PBXFileReference; fileEncoding = 4; lastKnownFileType = text; path = main.jsbundle; sourceTree = "<group>"; };
		00E356EE1AD99517003FC87E /* VolunteersPmrTests.xctest */ = {isa = PBXFileReference; explicitFileType = wrapper.cfbundle; includeInIndex = 0; path = VolunteersPmrTests.xctest; sourceTree = BUILT_PRODUCTS_DIR; };
		00E356F11AD99517003FC87E /* Info.plist */ = {isa = PBXFileReference; lastKnownFileType = text.plist.xml; path = Info.plist; sourceTree = "<group>"; };
		00E356F21AD99517003FC87E /* VolunteersPmrTests.m */ = {isa = PBXFileReference; lastKnownFileType = sourcecode.c.objc; path = VolunteersPmrTests.m; sourceTree = "<group>"; };
		10733AF67FCBDCD09BCF7235 /* Pods-VolunteersPmr-tvOSTests.release.xcconfig */ = {isa = PBXFileReference; includeInIndex = 1; lastKnownFileType = text.xcconfig; name = "Pods-VolunteersPmr-tvOSTests.release.xcconfig"; path = "Target Support Files/Pods-VolunteersPmr-tvOSTests/Pods-VolunteersPmr-tvOSTests.release.xcconfig"; sourceTree = "<group>"; };
		13B07F961A680F5B00A75B9A /* VolunteersPmr.app */ = {isa = PBXFileReference; explicitFileType = wrapper.application; includeInIndex = 0; path = VolunteersPmr.app; sourceTree = BUILT_PRODUCTS_DIR; };
		13B07FAF1A68108700A75B9A /* AppDelegate.h */ = {isa = PBXFileReference; fileEncoding = 4; lastKnownFileType = sourcecode.c.h; name = AppDelegate.h; path = VolunteersPmr/AppDelegate.h; sourceTree = "<group>"; };
		13B07FB01A68108700A75B9A /* AppDelegate.m */ = {isa = PBXFileReference; fileEncoding = 4; lastKnownFileType = sourcecode.c.objc; name = AppDelegate.m; path = VolunteersPmr/AppDelegate.m; sourceTree = "<group>"; };
		13B07FB21A68108700A75B9A /* Base */ = {isa = PBXFileReference; lastKnownFileType = file.xib; name = Base; path = Base.lproj/LaunchScreen.xib; sourceTree = "<group>"; };
		13B07FB51A68108700A75B9A /* Images.xcassets */ = {isa = PBXFileReference; lastKnownFileType = folder.assetcatalog; name = Images.xcassets; path = VolunteersPmr/Images.xcassets; sourceTree = "<group>"; };
		13B07FB61A68108700A75B9A /* Info.plist */ = {isa = PBXFileReference; fileEncoding = 4; lastKnownFileType = text.plist.xml; name = Info.plist; path = VolunteersPmr/Info.plist; sourceTree = "<group>"; };
		13B07FB71A68108700A75B9A /* main.m */ = {isa = PBXFileReference; fileEncoding = 4; lastKnownFileType = sourcecode.c.objc; name = main.m; path = VolunteersPmr/main.m; sourceTree = "<group>"; };
		293D306E1A97D0E6A63461E7 /* Pods-VolunteersPmr-tvOS.debug.xcconfig */ = {isa = PBXFileReference; includeInIndex = 1; lastKnownFileType = text.xcconfig; name = "Pods-VolunteersPmr-tvOS.debug.xcconfig"; path = "Target Support Files/Pods-VolunteersPmr-tvOS/Pods-VolunteersPmr-tvOS.debug.xcconfig"; sourceTree = "<group>"; };
		2D02E47B1E0B4A5D006451C7 /* VolunteersPmr-tvOS.app */ = {isa = PBXFileReference; explicitFileType = wrapper.application; includeInIndex = 0; path = "VolunteersPmr-tvOS.app"; sourceTree = BUILT_PRODUCTS_DIR; };
		2D02E4901E0B4A5D006451C7 /* VolunteersPmr-tvOSTests.xctest */ = {isa = PBXFileReference; explicitFileType = wrapper.cfbundle; includeInIndex = 0; path = "VolunteersPmr-tvOSTests.xctest"; sourceTree = BUILT_PRODUCTS_DIR; };
		4035BE106757D25A445F4A8D /* Pods-VolunteersPmr-tvOS.release.xcconfig */ = {isa = PBXFileReference; includeInIndex = 1; lastKnownFileType = text.xcconfig; name = "Pods-VolunteersPmr-tvOS.release.xcconfig"; path = "Target Support Files/Pods-VolunteersPmr-tvOS/Pods-VolunteersPmr-tvOS.release.xcconfig"; sourceTree = "<group>"; };
		4967DECE8412253E8BBF3F65 /* libPods-VolunteersPmr.a */ = {isa = PBXFileReference; explicitFileType = archive.ar; includeInIndex = 0; path = "libPods-VolunteersPmr.a"; sourceTree = BUILT_PRODUCTS_DIR; };
		583CEEF8A926FBC1A554C84E /* Pods-VolunteersPmrTests.debug.xcconfig */ = {isa = PBXFileReference; includeInIndex = 1; lastKnownFileType = text.xcconfig; name = "Pods-VolunteersPmrTests.debug.xcconfig"; path = "Target Support Files/Pods-VolunteersPmrTests/Pods-VolunteersPmrTests.debug.xcconfig"; sourceTree = "<group>"; };
		5E091078AF3AAB9B62DF08C0 /* Pods-VolunteersPmr.release.xcconfig */ = {isa = PBXFileReference; includeInIndex = 1; lastKnownFileType = text.xcconfig; name = "Pods-VolunteersPmr.release.xcconfig"; path = "Target Support Files/Pods-VolunteersPmr/Pods-VolunteersPmr.release.xcconfig"; sourceTree = "<group>"; };
		7D7BD9BBCCBA0E9D6C5CB88E /* Pods-VolunteersPmrTests.release.xcconfig */ = {isa = PBXFileReference; includeInIndex = 1; lastKnownFileType = text.xcconfig; name = "Pods-VolunteersPmrTests.release.xcconfig"; path = "Target Support Files/Pods-VolunteersPmrTests/Pods-VolunteersPmrTests.release.xcconfig"; sourceTree = "<group>"; };
		80E1AC771A718CAB7F566DCD /* Pods-VolunteersPmr-tvOSTests.debug.xcconfig */ = {isa = PBXFileReference; includeInIndex = 1; lastKnownFileType = text.xcconfig; name = "Pods-VolunteersPmr-tvOSTests.debug.xcconfig"; path = "Target Support Files/Pods-VolunteersPmr-tvOSTests/Pods-VolunteersPmr-tvOSTests.debug.xcconfig"; sourceTree = "<group>"; };
		983EB0E579222D563FE3A80D /* libPods-VolunteersPmr-tvOSTests.a */ = {isa = PBXFileReference; explicitFileType = archive.ar; includeInIndex = 0; path = "libPods-VolunteersPmr-tvOSTests.a"; sourceTree = BUILT_PRODUCTS_DIR; };
		A5D657105C690E676F277F79 /* Pods-VolunteersPmr.debug.xcconfig */ = {isa = PBXFileReference; includeInIndex = 1; lastKnownFileType = text.xcconfig; name = "Pods-VolunteersPmr.debug.xcconfig"; path = "Target Support Files/Pods-VolunteersPmr/Pods-VolunteersPmr.debug.xcconfig"; sourceTree = "<group>"; };
		B7B1F94453BE4BCD9C034024 /* opensans-regular.ttf */ = {isa = PBXFileReference; explicitFileType = undefined; fileEncoding = undefined; includeInIndex = 0; lastKnownFileType = unknown; name = "opensans-regular.ttf"; path = "../src/resources/fonts/opensans-regular.ttf"; sourceTree = "<group>"; };
		C53ED6BD441D6D2C7B13C2E3 /* libPods-VolunteersPmr-tvOS.a */ = {isa = PBXFileReference; explicitFileType = archive.ar; includeInIndex = 0; path = "libPods-VolunteersPmr-tvOS.a"; sourceTree = BUILT_PRODUCTS_DIR; };
		D49B14F7F9254BCB86C2AC2B /* roboto-regular.ttf */ = {isa = PBXFileReference; explicitFileType = undefined; fileEncoding = undefined; includeInIndex = 0; lastKnownFileType = unknown; name = "roboto-regular.ttf"; path = "../src/resources/fonts/roboto-regular.ttf"; sourceTree = "<group>"; };
		D867F2E7747894ADD2F24A18 /* libPods-VolunteersPmrTests.a */ = {isa = PBXFileReference; explicitFileType = archive.ar; includeInIndex = 0; path = "libPods-VolunteersPmrTests.a"; sourceTree = BUILT_PRODUCTS_DIR; };
		ED297162215061F000B7C4FE /* JavaScriptCore.framework */ = {isa = PBXFileReference; lastKnownFileType = wrapper.framework; name = JavaScriptCore.framework; path = System/Library/Frameworks/JavaScriptCore.framework; sourceTree = SDKROOT; };
		ED2971642150620600B7C4FE /* JavaScriptCore.framework */ = {isa = PBXFileReference; lastKnownFileType = wrapper.framework; name = JavaScriptCore.framework; path = Platforms/AppleTVOS.platform/Developer/SDKs/AppleTVOS12.0.sdk/System/Library/Frameworks/JavaScriptCore.framework; sourceTree = DEVELOPER_DIR; };
		6C3ED5A1907E44D797CE826F /* opensans-bold-italic.ttf */ = {isa = PBXFileReference; name = "opensans-bold-italic.ttf"; path = "../src/resources/fonts/opensans-bold-italic.ttf"; sourceTree = "<group>"; fileEncoding = undefined; lastKnownFileType = unknown; explicitFileType = undefined; includeInIndex = 0; };
		76B819CDC188401985C18ABC /* opensans-bold.ttf */ = {isa = PBXFileReference; name = "opensans-bold.ttf"; path = "../src/resources/fonts/opensans-bold.ttf"; sourceTree = "<group>"; fileEncoding = undefined; lastKnownFileType = unknown; explicitFileType = undefined; includeInIndex = 0; };
		00070A637FE249B9BF164AE7 /* opensans-extra-bold-italic.ttf */ = {isa = PBXFileReference; name = "opensans-extra-bold-italic.ttf"; path = "../src/resources/fonts/opensans-extra-bold-italic.ttf"; sourceTree = "<group>"; fileEncoding = undefined; lastKnownFileType = unknown; explicitFileType = undefined; includeInIndex = 0; };
		91791B61EF564273A953DDDC /* opensans-extra-bold.ttf */ = {isa = PBXFileReference; name = "opensans-extra-bold.ttf"; path = "../src/resources/fonts/opensans-extra-bold.ttf"; sourceTree = "<group>"; fileEncoding = undefined; lastKnownFileType = unknown; explicitFileType = undefined; includeInIndex = 0; };
		12EB85F3CFD8443C838269B4 /* opensans-italic.ttf */ = {isa = PBXFileReference; name = "opensans-italic.ttf"; path = "../src/resources/fonts/opensans-italic.ttf"; sourceTree = "<group>"; fileEncoding = undefined; lastKnownFileType = unknown; explicitFileType = undefined; includeInIndex = 0; };
		2D38BA407E27406F99117FF7 /* opensans-light.ttf */ = {isa = PBXFileReference; name = "opensans-light.ttf"; path = "../src/resources/fonts/opensans-light.ttf"; sourceTree = "<group>"; fileEncoding = undefined; lastKnownFileType = unknown; explicitFileType = undefined; includeInIndex = 0; };
		678F0FBD03A94992BFA13C22 /* opensans-lignt-italic.ttf */ = {isa = PBXFileReference; name = "opensans-lignt-italic.ttf"; path = "../src/resources/fonts/opensans-lignt-italic.ttf"; sourceTree = "<group>"; fileEncoding = undefined; lastKnownFileType = unknown; explicitFileType = undefined; includeInIndex = 0; };
		7C514521586C4F25AC666C29 /* opensans-semibold-italic.ttf */ = {isa = PBXFileReference; name = "opensans-semibold-italic.ttf"; path = "../src/resources/fonts/opensans-semibold-italic.ttf"; sourceTree = "<group>"; fileEncoding = undefined; lastKnownFileType = unknown; explicitFileType = undefined; includeInIndex = 0; };
		F5F8B715558844C984C2CC58 /* opensans-semibold.ttf */ = {isa = PBXFileReference; name = "opensans-semibold.ttf"; path = "../src/resources/fonts/opensans-semibold.ttf"; sourceTree = "<group>"; fileEncoding = undefined; lastKnownFileType = unknown; explicitFileType = undefined; includeInIndex = 0; };
		FD468A25659F4E5894269C0A /* opensans-bold-italic.ttf */ = {isa = PBXFileReference; name = "opensans-bold-italic.ttf"; path = "../src/presentation/resources/fonts/opensans-bold-italic.ttf"; sourceTree = "<group>"; fileEncoding = undefined; lastKnownFileType = unknown; explicitFileType = undefined; includeInIndex = 0; };
		A82BF451743542A5BF9F20AE /* opensans-bold.ttf */ = {isa = PBXFileReference; name = "opensans-bold.ttf"; path = "../src/presentation/resources/fonts/opensans-bold.ttf"; sourceTree = "<group>"; fileEncoding = undefined; lastKnownFileType = unknown; explicitFileType = undefined; includeInIndex = 0; };
		0AB94A7262184723B3B307D1 /* opensans-extra-bold-italic.ttf */ = {isa = PBXFileReference; name = "opensans-extra-bold-italic.ttf"; path = "../src/presentation/resources/fonts/opensans-extra-bold-italic.ttf"; sourceTree = "<group>"; fileEncoding = undefined; lastKnownFileType = unknown; explicitFileType = undefined; includeInIndex = 0; };
		28E5D65B83E14EC79DB9DA46 /* opensans-extra-bold.ttf */ = {isa = PBXFileReference; name = "opensans-extra-bold.ttf"; path = "../src/presentation/resources/fonts/opensans-extra-bold.ttf"; sourceTree = "<group>"; fileEncoding = undefined; lastKnownFileType = unknown; explicitFileType = undefined; includeInIndex = 0; };
		CAB769B6CB2145839234DD3B /* opensans-italic.ttf */ = {isa = PBXFileReference; name = "opensans-italic.ttf"; path = "../src/presentation/resources/fonts/opensans-italic.ttf"; sourceTree = "<group>"; fileEncoding = undefined; lastKnownFileType = unknown; explicitFileType = undefined; includeInIndex = 0; };
		A6B65A84E76F4A46993CB300 /* opensans-light.ttf */ = {isa = PBXFileReference; name = "opensans-light.ttf"; path = "../src/presentation/resources/fonts/opensans-light.ttf"; sourceTree = "<group>"; fileEncoding = undefined; lastKnownFileType = unknown; explicitFileType = undefined; includeInIndex = 0; };
		4BD510947A384E6D89978648 /* opensans-lignt-italic.ttf */ = {isa = PBXFileReference; name = "opensans-lignt-italic.ttf"; path = "../src/presentation/resources/fonts/opensans-lignt-italic.ttf"; sourceTree = "<group>"; fileEncoding = undefined; lastKnownFileType = unknown; explicitFileType = undefined; includeInIndex = 0; };
		21810AAC28C347958B8CA28D /* opensans-regular.ttf */ = {isa = PBXFileReference; name = "opensans-regular.ttf"; path = "../src/presentation/resources/fonts/opensans-regular.ttf"; sourceTree = "<group>"; fileEncoding = undefined; lastKnownFileType = unknown; explicitFileType = undefined; includeInIndex = 0; };
		C43F52866D3147BF8EBC8DFA /* opensans-semibold-italic.ttf */ = {isa = PBXFileReference; name = "opensans-semibold-italic.ttf"; path = "../src/presentation/resources/fonts/opensans-semibold-italic.ttf"; sourceTree = "<group>"; fileEncoding = undefined; lastKnownFileType = unknown; explicitFileType = undefined; includeInIndex = 0; };
		E46EEF4E76E44CBC86CF817C /* opensans-semibold.ttf */ = {isa = PBXFileReference; name = "opensans-semibold.ttf"; path = "../src/presentation/resources/fonts/opensans-semibold.ttf"; sourceTree = "<group>"; fileEncoding = undefined; lastKnownFileType = unknown; explicitFileType = undefined; includeInIndex = 0; };
		74A028647FE2423984D9E154 /* roboto-regular.ttf */ = {isa = PBXFileReference; name = "roboto-regular.ttf"; path = "../src/presentation/resources/fonts/roboto-regular.ttf"; sourceTree = "<group>"; fileEncoding = undefined; lastKnownFileType = unknown; explicitFileType = undefined; includeInIndex = 0; };
/* End PBXFileReference section */

/* Begin PBXFrameworksBuildPhase section */
		00E356EB1AD99517003FC87E /* Frameworks */ = {
			isa = PBXFrameworksBuildPhase;
			buildActionMask = 2147483647;
			files = (
				62F425D752C4140AC5AC4995 /* libPods-VolunteersPmrTests.a in Frameworks */,
			);
			runOnlyForDeploymentPostprocessing = 0;
		};
		13B07F8C1A680F5B00A75B9A /* Frameworks */ = {
			isa = PBXFrameworksBuildPhase;
			buildActionMask = 2147483647;
			files = (
				6EE984507217552571CA073F /* libPods-VolunteersPmr.a in Frameworks */,
			);
			runOnlyForDeploymentPostprocessing = 0;
		};
		2D02E4781E0B4A5D006451C7 /* Frameworks */ = {
			isa = PBXFrameworksBuildPhase;
			buildActionMask = 2147483647;
			files = (
				459089494F0BF74B742556A2 /* libPods-VolunteersPmr-tvOS.a in Frameworks */,
			);
			runOnlyForDeploymentPostprocessing = 0;
		};
		2D02E48D1E0B4A5D006451C7 /* Frameworks */ = {
			isa = PBXFrameworksBuildPhase;
			buildActionMask = 2147483647;
			files = (
				881FAFB2865AB456AFABF3E8 /* libPods-VolunteersPmr-tvOSTests.a in Frameworks */,
			);
			runOnlyForDeploymentPostprocessing = 0;
		};
/* End PBXFrameworksBuildPhase section */

/* Begin PBXGroup section */
		00E356EF1AD99517003FC87E /* VolunteersPmrTests */ = {
			isa = PBXGroup;
			children = (
				00E356F21AD99517003FC87E /* VolunteersPmrTests.m */,
				00E356F01AD99517003FC87E /* Supporting Files */,
			);
			path = VolunteersPmrTests;
			sourceTree = "<group>";
		};
		00E356F01AD99517003FC87E /* Supporting Files */ = {
			isa = PBXGroup;
			children = (
				00E356F11AD99517003FC87E /* Info.plist */,
			);
			name = "Supporting Files";
			sourceTree = "<group>";
		};
		13B07FAE1A68108700A75B9A /* VolunteersPmr */ = {
			isa = PBXGroup;
			children = (
				008F07F21AC5B25A0029DE68 /* main.jsbundle */,
				13B07FAF1A68108700A75B9A /* AppDelegate.h */,
				13B07FB01A68108700A75B9A /* AppDelegate.m */,
				13B07FB51A68108700A75B9A /* Images.xcassets */,
				13B07FB61A68108700A75B9A /* Info.plist */,
				13B07FB11A68108700A75B9A /* LaunchScreen.xib */,
				13B07FB71A68108700A75B9A /* main.m */,
			);
			name = VolunteersPmr;
			sourceTree = "<group>";
		};
		208E02062A104C05BCFC8682 /* Pods */ = {
			isa = PBXGroup;
			children = (
				A5D657105C690E676F277F79 /* Pods-VolunteersPmr.debug.xcconfig */,
				5E091078AF3AAB9B62DF08C0 /* Pods-VolunteersPmr.release.xcconfig */,
				293D306E1A97D0E6A63461E7 /* Pods-VolunteersPmr-tvOS.debug.xcconfig */,
				4035BE106757D25A445F4A8D /* Pods-VolunteersPmr-tvOS.release.xcconfig */,
				80E1AC771A718CAB7F566DCD /* Pods-VolunteersPmr-tvOSTests.debug.xcconfig */,
				10733AF67FCBDCD09BCF7235 /* Pods-VolunteersPmr-tvOSTests.release.xcconfig */,
				583CEEF8A926FBC1A554C84E /* Pods-VolunteersPmrTests.debug.xcconfig */,
				7D7BD9BBCCBA0E9D6C5CB88E /* Pods-VolunteersPmrTests.release.xcconfig */,
			);
			name = Pods;
			path = Pods;
			sourceTree = "<group>";
		};
		2D16E6871FA4F8E400B85C8A /* Frameworks */ = {
			isa = PBXGroup;
			children = (
				ED297162215061F000B7C4FE /* JavaScriptCore.framework */,
				ED2971642150620600B7C4FE /* JavaScriptCore.framework */,
				4967DECE8412253E8BBF3F65 /* libPods-VolunteersPmr.a */,
				C53ED6BD441D6D2C7B13C2E3 /* libPods-VolunteersPmr-tvOS.a */,
				983EB0E579222D563FE3A80D /* libPods-VolunteersPmr-tvOSTests.a */,
				D867F2E7747894ADD2F24A18 /* libPods-VolunteersPmrTests.a */,
			);
			name = Frameworks;
			sourceTree = "<group>";
		};
		6A4B96EFDB884BF2981CB4D7 /* Resources */ = {
			isa = PBXGroup;
			children = (
				B7B1F94453BE4BCD9C034024 /* opensans-regular.ttf */,
				D49B14F7F9254BCB86C2AC2B /* roboto-regular.ttf */,
				6C3ED5A1907E44D797CE826F /* opensans-bold-italic.ttf */,
				76B819CDC188401985C18ABC /* opensans-bold.ttf */,
				00070A637FE249B9BF164AE7 /* opensans-extra-bold-italic.ttf */,
				91791B61EF564273A953DDDC /* opensans-extra-bold.ttf */,
				12EB85F3CFD8443C838269B4 /* opensans-italic.ttf */,
				2D38BA407E27406F99117FF7 /* opensans-light.ttf */,
				678F0FBD03A94992BFA13C22 /* opensans-lignt-italic.ttf */,
				7C514521586C4F25AC666C29 /* opensans-semibold-italic.ttf */,
				F5F8B715558844C984C2CC58 /* opensans-semibold.ttf */,
				FD468A25659F4E5894269C0A /* opensans-bold-italic.ttf */,
				A82BF451743542A5BF9F20AE /* opensans-bold.ttf */,
				0AB94A7262184723B3B307D1 /* opensans-extra-bold-italic.ttf */,
				28E5D65B83E14EC79DB9DA46 /* opensans-extra-bold.ttf */,
				CAB769B6CB2145839234DD3B /* opensans-italic.ttf */,
				A6B65A84E76F4A46993CB300 /* opensans-light.ttf */,
				4BD510947A384E6D89978648 /* opensans-lignt-italic.ttf */,
				21810AAC28C347958B8CA28D /* opensans-regular.ttf */,
				C43F52866D3147BF8EBC8DFA /* opensans-semibold-italic.ttf */,
				E46EEF4E76E44CBC86CF817C /* opensans-semibold.ttf */,
				74A028647FE2423984D9E154 /* roboto-regular.ttf */,
			);
			name = Resources;
			path = "";
			sourceTree = "<group>";
		};
		832341AE1AAA6A7D00B99B32 /* Libraries */ = {
			isa = PBXGroup;
			children = (
			);
			name = Libraries;
			sourceTree = "<group>";
		};
		83CBB9F61A601CBA00E9B192 = {
			isa = PBXGroup;
			children = (
				13B07FAE1A68108700A75B9A /* VolunteersPmr */,
				832341AE1AAA6A7D00B99B32 /* Libraries */,
				00E356EF1AD99517003FC87E /* VolunteersPmrTests */,
				83CBBA001A601CBA00E9B192 /* Products */,
				2D16E6871FA4F8E400B85C8A /* Frameworks */,
				6A4B96EFDB884BF2981CB4D7 /* Resources */,
				208E02062A104C05BCFC8682 /* Pods */,
			);
			indentWidth = 2;
			sourceTree = "<group>";
			tabWidth = 2;
			usesTabs = 0;
		};
		83CBBA001A601CBA00E9B192 /* Products */ = {
			isa = PBXGroup;
			children = (
				13B07F961A680F5B00A75B9A /* VolunteersPmr.app */,
				00E356EE1AD99517003FC87E /* VolunteersPmrTests.xctest */,
				2D02E47B1E0B4A5D006451C7 /* VolunteersPmr-tvOS.app */,
				2D02E4901E0B4A5D006451C7 /* VolunteersPmr-tvOSTests.xctest */,
			);
			name = Products;
			sourceTree = "<group>";
		};
/* End PBXGroup section */

/* Begin PBXNativeTarget section */
		00E356ED1AD99517003FC87E /* VolunteersPmrTests */ = {
			isa = PBXNativeTarget;
			buildConfigurationList = 00E357021AD99517003FC87E /* Build configuration list for PBXNativeTarget "VolunteersPmrTests" */;
			buildPhases = (
				FB6D82A9C92569E6D3A51490 /* [CP] Check Pods Manifest.lock */,
				00E356EA1AD99517003FC87E /* Sources */,
				00E356EB1AD99517003FC87E /* Frameworks */,
				00E356EC1AD99517003FC87E /* Resources */,
			);
			buildRules = (
			);
			dependencies = (
				00E356F51AD99517003FC87E /* PBXTargetDependency */,
			);
			name = VolunteersPmrTests;
			productName = VolunteersPmrTests;
			productReference = 00E356EE1AD99517003FC87E /* VolunteersPmrTests.xctest */;
			productType = "com.apple.product-type.bundle.unit-test";
		};
		13B07F861A680F5B00A75B9A /* VolunteersPmr */ = {
			isa = PBXNativeTarget;
			buildConfigurationList = 13B07F931A680F5B00A75B9A /* Build configuration list for PBXNativeTarget "VolunteersPmr" */;
			buildPhases = (
				0D43849098A9769EDA43D9E8 /* [CP] Check Pods Manifest.lock */,
				FD10A7F022414F080027D42C /* Start Packager */,
				13B07F871A680F5B00A75B9A /* Sources */,
				13B07F8C1A680F5B00A75B9A /* Frameworks */,
				13B07F8E1A680F5B00A75B9A /* Resources */,
				00DD1BFF1BD5951E006B06BC /* Bundle React Native code and images */,
			);
			buildRules = (
			);
			dependencies = (
			);
			name = VolunteersPmr;
			productName = VolunteersPmr;
			productReference = 13B07F961A680F5B00A75B9A /* VolunteersPmr.app */;
			productType = "com.apple.product-type.application";
		};
		2D02E47A1E0B4A5D006451C7 /* VolunteersPmr-tvOS */ = {
			isa = PBXNativeTarget;
			buildConfigurationList = 2D02E4BA1E0B4A5E006451C7 /* Build configuration list for PBXNativeTarget "VolunteersPmr-tvOS" */;
			buildPhases = (
				47D7644078E29144CAB6DF1E /* [CP] Check Pods Manifest.lock */,
				FD10A7F122414F3F0027D42C /* Start Packager */,
				2D02E4771E0B4A5D006451C7 /* Sources */,
				2D02E4781E0B4A5D006451C7 /* Frameworks */,
				2D02E4791E0B4A5D006451C7 /* Resources */,
				2D02E4CB1E0B4B27006451C7 /* Bundle React Native Code And Images */,
			);
			buildRules = (
			);
			dependencies = (
			);
			name = "VolunteersPmr-tvOS";
			productName = "VolunteersPmr-tvOS";
			productReference = 2D02E47B1E0B4A5D006451C7 /* VolunteersPmr-tvOS.app */;
			productType = "com.apple.product-type.application";
		};
		2D02E48F1E0B4A5D006451C7 /* VolunteersPmr-tvOSTests */ = {
			isa = PBXNativeTarget;
			buildConfigurationList = 2D02E4BB1E0B4A5E006451C7 /* Build configuration list for PBXNativeTarget "VolunteersPmr-tvOSTests" */;
			buildPhases = (
				15C69A6AF382C56C844A87D2 /* [CP] Check Pods Manifest.lock */,
				2D02E48C1E0B4A5D006451C7 /* Sources */,
				2D02E48D1E0B4A5D006451C7 /* Frameworks */,
				2D02E48E1E0B4A5D006451C7 /* Resources */,
			);
			buildRules = (
			);
			dependencies = (
				2D02E4921E0B4A5D006451C7 /* PBXTargetDependency */,
			);
			name = "VolunteersPmr-tvOSTests";
			productName = "VolunteersPmr-tvOSTests";
			productReference = 2D02E4901E0B4A5D006451C7 /* VolunteersPmr-tvOSTests.xctest */;
			productType = "com.apple.product-type.bundle.unit-test";
		};
/* End PBXNativeTarget section */

/* Begin PBXProject section */
		83CBB9F71A601CBA00E9B192 /* Project object */ = {
			isa = PBXProject;
			attributes = {
				LastUpgradeCheck = 940;
				ORGANIZATIONNAME = Facebook;
				TargetAttributes = {
					00E356ED1AD99517003FC87E = {
						CreatedOnToolsVersion = 6.2;
						TestTargetID = 13B07F861A680F5B00A75B9A;
					};
					2D02E47A1E0B4A5D006451C7 = {
						CreatedOnToolsVersion = 8.2.1;
						ProvisioningStyle = Automatic;
					};
					2D02E48F1E0B4A5D006451C7 = {
						CreatedOnToolsVersion = 8.2.1;
						ProvisioningStyle = Automatic;
						TestTargetID = 2D02E47A1E0B4A5D006451C7;
					};
				};
			};
			buildConfigurationList = 83CBB9FA1A601CBA00E9B192 /* Build configuration list for PBXProject "VolunteersPmr" */;
			compatibilityVersion = "Xcode 3.2";
			developmentRegion = English;
			hasScannedForEncodings = 0;
			knownRegions = (
				en,
				Base,
			);
			mainGroup = 83CBB9F61A601CBA00E9B192;
			productRefGroup = 83CBBA001A601CBA00E9B192 /* Products */;
			projectDirPath = "";
			projectRoot = "";
			targets = (
				13B07F861A680F5B00A75B9A /* VolunteersPmr */,
				00E356ED1AD99517003FC87E /* VolunteersPmrTests */,
				2D02E47A1E0B4A5D006451C7 /* VolunteersPmr-tvOS */,
				2D02E48F1E0B4A5D006451C7 /* VolunteersPmr-tvOSTests */,
			);
		};
/* End PBXProject section */

/* Begin PBXResourcesBuildPhase section */
		00E356EC1AD99517003FC87E /* Resources */ = {
			isa = PBXResourcesBuildPhase;
			buildActionMask = 2147483647;
			files = (
			);
			runOnlyForDeploymentPostprocessing = 0;
		};
		13B07F8E1A680F5B00A75B9A /* Resources */ = {
			isa = PBXResourcesBuildPhase;
			buildActionMask = 2147483647;
			files = (
				13B07FBF1A68108700A75B9A /* Images.xcassets in Resources */,
				13B07FBD1A68108700A75B9A /* LaunchScreen.xib in Resources */,
				B17251A85F704AB69D4664AA /* opensans-regular.ttf in Resources */,
				9A91BD02E6DD4BA8B98719CE /* roboto-regular.ttf in Resources */,
				1B6F20C2E98B4DED852E666C /* opensans-bold-italic.ttf in Resources */,
				D3CC58055ED34722A655E740 /* opensans-bold.ttf in Resources */,
				A0F8A1944499489283F03DB1 /* opensans-extra-bold-italic.ttf in Resources */,
				F82235274CF941E1A69C2C9A /* opensans-extra-bold.ttf in Resources */,
				3E1C42FB103B41C79D4C824B /* opensans-italic.ttf in Resources */,
				196E843DBB714FCAAA8EDC5D /* opensans-light.ttf in Resources */,
				3401EFB16EED45FCB783511D /* opensans-lignt-italic.ttf in Resources */,
				88060BCE5BBF4F898812AAA5 /* opensans-semibold-italic.ttf in Resources */,
				BD3A1AFCBF9346D6BEEB9CB2 /* opensans-semibold.ttf in Resources */,
				B65B8289A6E444F0B7B27625 /* opensans-bold-italic.ttf in Resources */,
				D415A6E81987402E9B00AD2E /* opensans-bold.ttf in Resources */,
				D48D5AA1E6734B91BB510AB0 /* opensans-extra-bold-italic.ttf in Resources */,
				B5426A05E9F34DBBA9761128 /* opensans-extra-bold.ttf in Resources */,
				22F4C46BC9A241B99702BE17 /* opensans-italic.ttf in Resources */,
				BEE43605FD7A419E92E7A38F /* opensans-light.ttf in Resources */,
				4816812F5E2A4C0585FE0591 /* opensans-lignt-italic.ttf in Resources */,
				EB1699DE046F4AFCAFA24D67 /* opensans-regular.ttf in Resources */,
				62AF5E102AB74E32A5FBFFB4 /* opensans-semibold-italic.ttf in Resources */,
				9C6DF788EC4C4027A2FC9AC2 /* opensans-semibold.ttf in Resources */,
				90FAB5E4B475473F83B7079C /* roboto-regular.ttf in Resources */,
			);
			runOnlyForDeploymentPostprocessing = 0;
		};
		2D02E4791E0B4A5D006451C7 /* Resources */ = {
			isa = PBXResourcesBuildPhase;
			buildActionMask = 2147483647;
			files = (
				2D02E4BD1E0B4A84006451C7 /* Images.xcassets in Resources */,
			);
			runOnlyForDeploymentPostprocessing = 0;
		};
		2D02E48E1E0B4A5D006451C7 /* Resources */ = {
			isa = PBXResourcesBuildPhase;
			buildActionMask = 2147483647;
			files = (
			);
			runOnlyForDeploymentPostprocessing = 0;
		};
/* End PBXResourcesBuildPhase section */

/* Begin PBXShellScriptBuildPhase section */
		00DD1BFF1BD5951E006B06BC /* Bundle React Native code and images */ = {
			isa = PBXShellScriptBuildPhase;
			buildActionMask = 2147483647;
			files = (
			);
			inputPaths = (
			);
			name = "Bundle React Native code and images";
			outputPaths = (
			);
			runOnlyForDeploymentPostprocessing = 0;
			shellPath = /bin/sh;
			shellScript = "export NODE_BINARY=node\n../node_modules/react-native/scripts/react-native-xcode.sh";
		};
		0D43849098A9769EDA43D9E8 /* [CP] Check Pods Manifest.lock */ = {
			isa = PBXShellScriptBuildPhase;
			buildActionMask = 2147483647;
			files = (
			);
			inputFileListPaths = (
			);
			inputPaths = (
				"${PODS_PODFILE_DIR_PATH}/Podfile.lock",
				"${PODS_ROOT}/Manifest.lock",
			);
			name = "[CP] Check Pods Manifest.lock";
			outputFileListPaths = (
			);
			outputPaths = (
				"$(DERIVED_FILE_DIR)/Pods-VolunteersPmr-checkManifestLockResult.txt",
			);
			runOnlyForDeploymentPostprocessing = 0;
			shellPath = /bin/sh;
			shellScript = "diff \"${PODS_PODFILE_DIR_PATH}/Podfile.lock\" \"${PODS_ROOT}/Manifest.lock\" > /dev/null\nif [ $? != 0 ] ; then\n    # print error to STDERR\n    echo \"error: The sandbox is not in sync with the Podfile.lock. Run 'pod install' or update your CocoaPods installation.\" >&2\n    exit 1\nfi\n# This output is used by Xcode 'outputs' to avoid re-running this script phase.\necho \"SUCCESS\" > \"${SCRIPT_OUTPUT_FILE_0}\"\n";
			showEnvVarsInLog = 0;
		};
		15C69A6AF382C56C844A87D2 /* [CP] Check Pods Manifest.lock */ = {
			isa = PBXShellScriptBuildPhase;
			buildActionMask = 2147483647;
			files = (
			);
			inputFileListPaths = (
			);
			inputPaths = (
				"${PODS_PODFILE_DIR_PATH}/Podfile.lock",
				"${PODS_ROOT}/Manifest.lock",
			);
			name = "[CP] Check Pods Manifest.lock";
			outputFileListPaths = (
			);
			outputPaths = (
				"$(DERIVED_FILE_DIR)/Pods-VolunteersPmr-tvOSTests-checkManifestLockResult.txt",
			);
			runOnlyForDeploymentPostprocessing = 0;
			shellPath = /bin/sh;
			shellScript = "diff \"${PODS_PODFILE_DIR_PATH}/Podfile.lock\" \"${PODS_ROOT}/Manifest.lock\" > /dev/null\nif [ $? != 0 ] ; then\n    # print error to STDERR\n    echo \"error: The sandbox is not in sync with the Podfile.lock. Run 'pod install' or update your CocoaPods installation.\" >&2\n    exit 1\nfi\n# This output is used by Xcode 'outputs' to avoid re-running this script phase.\necho \"SUCCESS\" > \"${SCRIPT_OUTPUT_FILE_0}\"\n";
			showEnvVarsInLog = 0;
		};
		2D02E4CB1E0B4B27006451C7 /* Bundle React Native Code And Images */ = {
			isa = PBXShellScriptBuildPhase;
			buildActionMask = 2147483647;
			files = (
			);
			inputPaths = (
			);
			name = "Bundle React Native Code And Images";
			outputPaths = (
			);
			runOnlyForDeploymentPostprocessing = 0;
			shellPath = /bin/sh;
			shellScript = "export NODE_BINARY=node\n../node_modules/react-native/scripts/react-native-xcode.sh";
		};
		47D7644078E29144CAB6DF1E /* [CP] Check Pods Manifest.lock */ = {
			isa = PBXShellScriptBuildPhase;
			buildActionMask = 2147483647;
			files = (
			);
			inputFileListPaths = (
			);
			inputPaths = (
				"${PODS_PODFILE_DIR_PATH}/Podfile.lock",
				"${PODS_ROOT}/Manifest.lock",
			);
			name = "[CP] Check Pods Manifest.lock";
			outputFileListPaths = (
			);
			outputPaths = (
				"$(DERIVED_FILE_DIR)/Pods-VolunteersPmr-tvOS-checkManifestLockResult.txt",
			);
			runOnlyForDeploymentPostprocessing = 0;
			shellPath = /bin/sh;
			shellScript = "diff \"${PODS_PODFILE_DIR_PATH}/Podfile.lock\" \"${PODS_ROOT}/Manifest.lock\" > /dev/null\nif [ $? != 0 ] ; then\n    # print error to STDERR\n    echo \"error: The sandbox is not in sync with the Podfile.lock. Run 'pod install' or update your CocoaPods installation.\" >&2\n    exit 1\nfi\n# This output is used by Xcode 'outputs' to avoid re-running this script phase.\necho \"SUCCESS\" > \"${SCRIPT_OUTPUT_FILE_0}\"\n";
			showEnvVarsInLog = 0;
		};
		FB6D82A9C92569E6D3A51490 /* [CP] Check Pods Manifest.lock */ = {
			isa = PBXShellScriptBuildPhase;
			buildActionMask = 2147483647;
			files = (
			);
			inputFileListPaths = (
			);
			inputPaths = (
				"${PODS_PODFILE_DIR_PATH}/Podfile.lock",
				"${PODS_ROOT}/Manifest.lock",
			);
			name = "[CP] Check Pods Manifest.lock";
			outputFileListPaths = (
			);
			outputPaths = (
				"$(DERIVED_FILE_DIR)/Pods-VolunteersPmrTests-checkManifestLockResult.txt",
			);
			runOnlyForDeploymentPostprocessing = 0;
			shellPath = /bin/sh;
			shellScript = "diff \"${PODS_PODFILE_DIR_PATH}/Podfile.lock\" \"${PODS_ROOT}/Manifest.lock\" > /dev/null\nif [ $? != 0 ] ; then\n    # print error to STDERR\n    echo \"error: The sandbox is not in sync with the Podfile.lock. Run 'pod install' or update your CocoaPods installation.\" >&2\n    exit 1\nfi\n# This output is used by Xcode 'outputs' to avoid re-running this script phase.\necho \"SUCCESS\" > \"${SCRIPT_OUTPUT_FILE_0}\"\n";
			showEnvVarsInLog = 0;
		};
		FD10A7F022414F080027D42C /* Start Packager */ = {
			isa = PBXShellScriptBuildPhase;
			buildActionMask = 2147483647;
			files = (
			);
			inputFileListPaths = (
			);
			inputPaths = (
			);
			name = "Start Packager";
			outputFileListPaths = (
			);
			outputPaths = (
			);
			runOnlyForDeploymentPostprocessing = 0;
			shellPath = /bin/sh;
			shellScript = "export RCT_METRO_PORT=\"${RCT_METRO_PORT:=8081}\"\necho \"export RCT_METRO_PORT=${RCT_METRO_PORT}\" > \"${SRCROOT}/../node_modules/react-native/scripts/.packager.env\"\nif [ -z \"${RCT_NO_LAUNCH_PACKAGER+xxx}\" ] ; then\n  if nc -w 5 -z localhost ${RCT_METRO_PORT} ; then\n    if ! curl -s \"http://localhost:${RCT_METRO_PORT}/status\" | grep -q \"packager-status:running\" ; then\n      echo \"Port ${RCT_METRO_PORT} already in use, packager is either not running or not running correctly\"\n      exit 2\n    fi\n  else\n    open \"$SRCROOT/../node_modules/react-native/scripts/launchPackager.command\" || echo \"Can't start packager automatically\"\n  fi\nfi\n";
			showEnvVarsInLog = 0;
		};
		FD10A7F122414F3F0027D42C /* Start Packager */ = {
			isa = PBXShellScriptBuildPhase;
			buildActionMask = 2147483647;
			files = (
			);
			inputFileListPaths = (
			);
			inputPaths = (
			);
			name = "Start Packager";
			outputFileListPaths = (
			);
			outputPaths = (
			);
			runOnlyForDeploymentPostprocessing = 0;
			shellPath = /bin/sh;
			shellScript = "export RCT_METRO_PORT=\"${RCT_METRO_PORT:=8081}\"\necho \"export RCT_METRO_PORT=${RCT_METRO_PORT}\" > \"${SRCROOT}/../node_modules/react-native/scripts/.packager.env\"\nif [ -z \"${RCT_NO_LAUNCH_PACKAGER+xxx}\" ] ; then\n  if nc -w 5 -z localhost ${RCT_METRO_PORT} ; then\n    if ! curl -s \"http://localhost:${RCT_METRO_PORT}/status\" | grep -q \"packager-status:running\" ; then\n      echo \"Port ${RCT_METRO_PORT} already in use, packager is either not running or not running correctly\"\n      exit 2\n    fi\n  else\n    open \"$SRCROOT/../node_modules/react-native/scripts/launchPackager.command\" || echo \"Can't start packager automatically\"\n  fi\nfi\n";
			showEnvVarsInLog = 0;
		};
/* End PBXShellScriptBuildPhase section */

/* Begin PBXSourcesBuildPhase section */
		00E356EA1AD99517003FC87E /* Sources */ = {
			isa = PBXSourcesBuildPhase;
			buildActionMask = 2147483647;
			files = (
				00E356F31AD99517003FC87E /* VolunteersPmrTests.m in Sources */,
			);
			runOnlyForDeploymentPostprocessing = 0;
		};
		13B07F871A680F5B00A75B9A /* Sources */ = {
			isa = PBXSourcesBuildPhase;
			buildActionMask = 2147483647;
			files = (
				13B07FBC1A68108700A75B9A /* AppDelegate.m in Sources */,
				13B07FC11A68108700A75B9A /* main.m in Sources */,
			);
			runOnlyForDeploymentPostprocessing = 0;
		};
		2D02E4771E0B4A5D006451C7 /* Sources */ = {
			isa = PBXSourcesBuildPhase;
			buildActionMask = 2147483647;
			files = (
				2D02E4BF1E0B4AB3006451C7 /* main.m in Sources */,
				2D02E4BC1E0B4A80006451C7 /* AppDelegate.m in Sources */,
			);
			runOnlyForDeploymentPostprocessing = 0;
		};
		2D02E48C1E0B4A5D006451C7 /* Sources */ = {
			isa = PBXSourcesBuildPhase;
			buildActionMask = 2147483647;
			files = (
				2DCD954D1E0B4F2C00145EB5 /* VolunteersPmrTests.m in Sources */,
			);
			runOnlyForDeploymentPostprocessing = 0;
		};
/* End PBXSourcesBuildPhase section */

/* Begin PBXTargetDependency section */
		00E356F51AD99517003FC87E /* PBXTargetDependency */ = {
			isa = PBXTargetDependency;
			target = 13B07F861A680F5B00A75B9A /* VolunteersPmr */;
			targetProxy = 00E356F41AD99517003FC87E /* PBXContainerItemProxy */;
		};
		2D02E4921E0B4A5D006451C7 /* PBXTargetDependency */ = {
			isa = PBXTargetDependency;
			target = 2D02E47A1E0B4A5D006451C7 /* VolunteersPmr-tvOS */;
			targetProxy = 2D02E4911E0B4A5D006451C7 /* PBXContainerItemProxy */;
		};
/* End PBXTargetDependency section */

/* Begin PBXVariantGroup section */
		13B07FB11A68108700A75B9A /* LaunchScreen.xib */ = {
			isa = PBXVariantGroup;
			children = (
				13B07FB21A68108700A75B9A /* Base */,
			);
			name = LaunchScreen.xib;
			path = VolunteersPmr;
			sourceTree = "<group>";
		};
/* End PBXVariantGroup section */

/* Begin XCBuildConfiguration section */
		00E356F61AD99517003FC87E /* Debug */ = {
			isa = XCBuildConfiguration;
			baseConfigurationReference = 583CEEF8A926FBC1A554C84E /* Pods-VolunteersPmrTests.debug.xcconfig */;
			buildSettings = {
				BUNDLE_LOADER = "$(TEST_HOST)";
				GCC_PREPROCESSOR_DEFINITIONS = (
					"DEBUG=1",
					"$(inherited)",
				);
				INFOPLIST_FILE = VolunteersPmrTests/Info.plist;
				IPHONEOS_DEPLOYMENT_TARGET = 9.0;
				LD_RUNPATH_SEARCH_PATHS = "$(inherited) @executable_path/Frameworks @loader_path/Frameworks";
				OTHER_LDFLAGS = (
					"-ObjC",
					"-lc++",
					"$(inherited)",
				);
				PRODUCT_BUNDLE_IDENTIFIER = "org.reactjs.native.example.$(PRODUCT_NAME:rfc1034identifier)";
				PRODUCT_NAME = "$(TARGET_NAME)";
				TEST_HOST = "$(BUILT_PRODUCTS_DIR)/VolunteersPmr.app/VolunteersPmr";
			};
			name = Debug;
		};
		00E356F71AD99517003FC87E /* Release */ = {
			isa = XCBuildConfiguration;
			baseConfigurationReference = 7D7BD9BBCCBA0E9D6C5CB88E /* Pods-VolunteersPmrTests.release.xcconfig */;
			buildSettings = {
				BUNDLE_LOADER = "$(TEST_HOST)";
				COPY_PHASE_STRIP = NO;
				INFOPLIST_FILE = VolunteersPmrTests/Info.plist;
				IPHONEOS_DEPLOYMENT_TARGET = 9.0;
				LD_RUNPATH_SEARCH_PATHS = "$(inherited) @executable_path/Frameworks @loader_path/Frameworks";
				OTHER_LDFLAGS = (
					"-ObjC",
					"-lc++",
					"$(inherited)",
				);
				PRODUCT_BUNDLE_IDENTIFIER = "org.reactjs.native.example.$(PRODUCT_NAME:rfc1034identifier)";
				PRODUCT_NAME = "$(TARGET_NAME)";
				TEST_HOST = "$(BUILT_PRODUCTS_DIR)/VolunteersPmr.app/VolunteersPmr";
			};
			name = Release;
		};
		13B07F941A680F5B00A75B9A /* Debug */ = {
			isa = XCBuildConfiguration;
			baseConfigurationReference = A5D657105C690E676F277F79 /* Pods-VolunteersPmr.debug.xcconfig */;
			buildSettings = {
				ASSETCATALOG_COMPILER_APPICON_NAME = AppIcon;
				CURRENT_PROJECT_VERSION = 1;
				DEAD_CODE_STRIPPING = NO;
				INFOPLIST_FILE = VolunteersPmr/Info.plist;
				LD_RUNPATH_SEARCH_PATHS = "$(inherited) @executable_path/Frameworks";
				OTHER_LDFLAGS = (
					"$(inherited)",
					"-ObjC",
					"-lc++",
				);
				PRODUCT_BUNDLE_IDENTIFIER = "org.reactjs.native.example.$(PRODUCT_NAME:rfc1034identifier)";
				PRODUCT_NAME = VolunteersPmr;
				VERSIONING_SYSTEM = "apple-generic";
			};
			name = Debug;
		};
		13B07F951A680F5B00A75B9A /* Release */ = {
			isa = XCBuildConfiguration;
			baseConfigurationReference = 5E091078AF3AAB9B62DF08C0 /* Pods-VolunteersPmr.release.xcconfig */;
			buildSettings = {
				ASSETCATALOG_COMPILER_APPICON_NAME = AppIcon;
				CURRENT_PROJECT_VERSION = 1;
				INFOPLIST_FILE = VolunteersPmr/Info.plist;
				LD_RUNPATH_SEARCH_PATHS = "$(inherited) @executable_path/Frameworks";
				OTHER_LDFLAGS = (
					"$(inherited)",
					"-ObjC",
					"-lc++",
				);
				PRODUCT_BUNDLE_IDENTIFIER = "org.reactjs.native.example.$(PRODUCT_NAME:rfc1034identifier)";
				PRODUCT_NAME = VolunteersPmr;
				VERSIONING_SYSTEM = "apple-generic";
			};
			name = Release;
		};
		2D02E4971E0B4A5E006451C7 /* Debug */ = {
			isa = XCBuildConfiguration;
			baseConfigurationReference = 293D306E1A97D0E6A63461E7 /* Pods-VolunteersPmr-tvOS.debug.xcconfig */;
			buildSettings = {
				ASSETCATALOG_COMPILER_APPICON_NAME = "App Icon & Top Shelf Image";
				ASSETCATALOG_COMPILER_LAUNCHIMAGE_NAME = LaunchImage;
				CLANG_ANALYZER_NONNULL = YES;
				CLANG_WARN_DOCUMENTATION_COMMENTS = YES;
				CLANG_WARN_INFINITE_RECURSION = YES;
				CLANG_WARN_SUSPICIOUS_MOVE = YES;
				DEBUG_INFORMATION_FORMAT = dwarf;
				ENABLE_TESTABILITY = YES;
				GCC_NO_COMMON_BLOCKS = YES;
				INFOPLIST_FILE = "VolunteersPmr-tvOS/Info.plist";
				LD_RUNPATH_SEARCH_PATHS = "$(inherited) @executable_path/Frameworks";
				OTHER_LDFLAGS = (
					"$(inherited)",
					"-ObjC",
					"-lc++",
				);
				PRODUCT_BUNDLE_IDENTIFIER = "com.facebook.REACT.VolunteersPmr-tvOS";
				PRODUCT_NAME = "$(TARGET_NAME)";
				SDKROOT = appletvos;
				TARGETED_DEVICE_FAMILY = 3;
				TVOS_DEPLOYMENT_TARGET = 9.2;
			};
			name = Debug;
		};
		2D02E4981E0B4A5E006451C7 /* Release */ = {
			isa = XCBuildConfiguration;
			baseConfigurationReference = 4035BE106757D25A445F4A8D /* Pods-VolunteersPmr-tvOS.release.xcconfig */;
			buildSettings = {
				ASSETCATALOG_COMPILER_APPICON_NAME = "App Icon & Top Shelf Image";
				ASSETCATALOG_COMPILER_LAUNCHIMAGE_NAME = LaunchImage;
				CLANG_ANALYZER_NONNULL = YES;
				CLANG_WARN_DOCUMENTATION_COMMENTS = YES;
				CLANG_WARN_INFINITE_RECURSION = YES;
				CLANG_WARN_SUSPICIOUS_MOVE = YES;
				COPY_PHASE_STRIP = NO;
				DEBUG_INFORMATION_FORMAT = "dwarf-with-dsym";
				GCC_NO_COMMON_BLOCKS = YES;
				INFOPLIST_FILE = "VolunteersPmr-tvOS/Info.plist";
				LD_RUNPATH_SEARCH_PATHS = "$(inherited) @executable_path/Frameworks";
				OTHER_LDFLAGS = (
					"$(inherited)",
					"-ObjC",
					"-lc++",
				);
				PRODUCT_BUNDLE_IDENTIFIER = "com.facebook.REACT.VolunteersPmr-tvOS";
				PRODUCT_NAME = "$(TARGET_NAME)";
				SDKROOT = appletvos;
				TARGETED_DEVICE_FAMILY = 3;
				TVOS_DEPLOYMENT_TARGET = 9.2;
			};
			name = Release;
		};
		2D02E4991E0B4A5E006451C7 /* Debug */ = {
			isa = XCBuildConfiguration;
			baseConfigurationReference = 80E1AC771A718CAB7F566DCD /* Pods-VolunteersPmr-tvOSTests.debug.xcconfig */;
			buildSettings = {
				BUNDLE_LOADER = "$(TEST_HOST)";
				CLANG_ANALYZER_NONNULL = YES;
				CLANG_WARN_DOCUMENTATION_COMMENTS = YES;
				CLANG_WARN_INFINITE_RECURSION = YES;
				CLANG_WARN_SUSPICIOUS_MOVE = YES;
				DEBUG_INFORMATION_FORMAT = dwarf;
				ENABLE_TESTABILITY = YES;
				GCC_NO_COMMON_BLOCKS = YES;
				INFOPLIST_FILE = "VolunteersPmr-tvOSTests/Info.plist";
				LD_RUNPATH_SEARCH_PATHS = "$(inherited) @executable_path/Frameworks @loader_path/Frameworks";
				OTHER_LDFLAGS = (
					"$(inherited)",
					"-ObjC",
					"-lc++",
				);
				PRODUCT_BUNDLE_IDENTIFIER = "com.facebook.REACT.VolunteersPmr-tvOSTests";
				PRODUCT_NAME = "$(TARGET_NAME)";
				SDKROOT = appletvos;
				TEST_HOST = "$(BUILT_PRODUCTS_DIR)/VolunteersPmr-tvOS.app/VolunteersPmr-tvOS";
				TVOS_DEPLOYMENT_TARGET = 10.1;
			};
			name = Debug;
		};
		2D02E49A1E0B4A5E006451C7 /* Release */ = {
			isa = XCBuildConfiguration;
			baseConfigurationReference = 10733AF67FCBDCD09BCF7235 /* Pods-VolunteersPmr-tvOSTests.release.xcconfig */;
			buildSettings = {
				BUNDLE_LOADER = "$(TEST_HOST)";
				CLANG_ANALYZER_NONNULL = YES;
				CLANG_WARN_DOCUMENTATION_COMMENTS = YES;
				CLANG_WARN_INFINITE_RECURSION = YES;
				CLANG_WARN_SUSPICIOUS_MOVE = YES;
				COPY_PHASE_STRIP = NO;
				DEBUG_INFORMATION_FORMAT = "dwarf-with-dsym";
				GCC_NO_COMMON_BLOCKS = YES;
				INFOPLIST_FILE = "VolunteersPmr-tvOSTests/Info.plist";
				LD_RUNPATH_SEARCH_PATHS = "$(inherited) @executable_path/Frameworks @loader_path/Frameworks";
				OTHER_LDFLAGS = (
					"$(inherited)",
					"-ObjC",
					"-lc++",
				);
				PRODUCT_BUNDLE_IDENTIFIER = "com.facebook.REACT.VolunteersPmr-tvOSTests";
				PRODUCT_NAME = "$(TARGET_NAME)";
				SDKROOT = appletvos;
				TEST_HOST = "$(BUILT_PRODUCTS_DIR)/VolunteersPmr-tvOS.app/VolunteersPmr-tvOS";
				TVOS_DEPLOYMENT_TARGET = 10.1;
			};
			name = Release;
		};
		83CBBA201A601CBA00E9B192 /* Debug */ = {
			isa = XCBuildConfiguration;
			buildSettings = {
				ALWAYS_SEARCH_USER_PATHS = NO;
				CLANG_CXX_LANGUAGE_STANDARD = "gnu++0x";
				CLANG_CXX_LIBRARY = "libc++";
				CLANG_ENABLE_MODULES = YES;
				CLANG_ENABLE_OBJC_ARC = YES;
				CLANG_WARN_BLOCK_CAPTURE_AUTORELEASING = YES;
				CLANG_WARN_BOOL_CONVERSION = YES;
				CLANG_WARN_COMMA = YES;
				CLANG_WARN_CONSTANT_CONVERSION = YES;
				CLANG_WARN_DEPRECATED_OBJC_IMPLEMENTATIONS = YES;
				CLANG_WARN_DIRECT_OBJC_ISA_USAGE = YES_ERROR;
				CLANG_WARN_EMPTY_BODY = YES;
				CLANG_WARN_ENUM_CONVERSION = YES;
				CLANG_WARN_INFINITE_RECURSION = YES;
				CLANG_WARN_INT_CONVERSION = YES;
				CLANG_WARN_NON_LITERAL_NULL_CONVERSION = YES;
				CLANG_WARN_OBJC_IMPLICIT_RETAIN_SELF = YES;
				CLANG_WARN_OBJC_LITERAL_CONVERSION = YES;
				CLANG_WARN_OBJC_ROOT_CLASS = YES_ERROR;
				CLANG_WARN_RANGE_LOOP_ANALYSIS = YES;
				CLANG_WARN_STRICT_PROTOTYPES = YES;
				CLANG_WARN_SUSPICIOUS_MOVE = YES;
				CLANG_WARN_UNREACHABLE_CODE = YES;
				CLANG_WARN__DUPLICATE_METHOD_MATCH = YES;
				"CODE_SIGN_IDENTITY[sdk=iphoneos*]" = "iPhone Developer";
				COPY_PHASE_STRIP = NO;
				ENABLE_STRICT_OBJC_MSGSEND = YES;
				ENABLE_TESTABILITY = YES;
				GCC_C_LANGUAGE_STANDARD = gnu99;
				GCC_DYNAMIC_NO_PIC = NO;
				GCC_NO_COMMON_BLOCKS = YES;
				GCC_OPTIMIZATION_LEVEL = 0;
				GCC_PREPROCESSOR_DEFINITIONS = (
					"DEBUG=1",
					"$(inherited)",
				);
				GCC_SYMBOLS_PRIVATE_EXTERN = NO;
				GCC_WARN_64_TO_32_BIT_CONVERSION = YES;
				GCC_WARN_ABOUT_RETURN_TYPE = YES_ERROR;
				GCC_WARN_UNDECLARED_SELECTOR = YES;
				GCC_WARN_UNINITIALIZED_AUTOS = YES_AGGRESSIVE;
				GCC_WARN_UNUSED_FUNCTION = YES;
				GCC_WARN_UNUSED_VARIABLE = YES;
				IPHONEOS_DEPLOYMENT_TARGET = 9.0;
				MTL_ENABLE_DEBUG_INFO = YES;
				ONLY_ACTIVE_ARCH = YES;
				SDKROOT = iphoneos;
			};
			name = Debug;
		};
		83CBBA211A601CBA00E9B192 /* Release */ = {
			isa = XCBuildConfiguration;
			buildSettings = {
				ALWAYS_SEARCH_USER_PATHS = NO;
				CLANG_CXX_LANGUAGE_STANDARD = "gnu++0x";
				CLANG_CXX_LIBRARY = "libc++";
				CLANG_ENABLE_MODULES = YES;
				CLANG_ENABLE_OBJC_ARC = YES;
				CLANG_WARN_BLOCK_CAPTURE_AUTORELEASING = YES;
				CLANG_WARN_BOOL_CONVERSION = YES;
				CLANG_WARN_COMMA = YES;
				CLANG_WARN_CONSTANT_CONVERSION = YES;
				CLANG_WARN_DEPRECATED_OBJC_IMPLEMENTATIONS = YES;
				CLANG_WARN_DIRECT_OBJC_ISA_USAGE = YES_ERROR;
				CLANG_WARN_EMPTY_BODY = YES;
				CLANG_WARN_ENUM_CONVERSION = YES;
				CLANG_WARN_INFINITE_RECURSION = YES;
				CLANG_WARN_INT_CONVERSION = YES;
				CLANG_WARN_NON_LITERAL_NULL_CONVERSION = YES;
				CLANG_WARN_OBJC_IMPLICIT_RETAIN_SELF = YES;
				CLANG_WARN_OBJC_LITERAL_CONVERSION = YES;
				CLANG_WARN_OBJC_ROOT_CLASS = YES_ERROR;
				CLANG_WARN_RANGE_LOOP_ANALYSIS = YES;
				CLANG_WARN_STRICT_PROTOTYPES = YES;
				CLANG_WARN_SUSPICIOUS_MOVE = YES;
				CLANG_WARN_UNREACHABLE_CODE = YES;
				CLANG_WARN__DUPLICATE_METHOD_MATCH = YES;
				"CODE_SIGN_IDENTITY[sdk=iphoneos*]" = "iPhone Developer";
				COPY_PHASE_STRIP = YES;
				ENABLE_NS_ASSERTIONS = NO;
				ENABLE_STRICT_OBJC_MSGSEND = YES;
				GCC_C_LANGUAGE_STANDARD = gnu99;
				GCC_NO_COMMON_BLOCKS = YES;
				GCC_WARN_64_TO_32_BIT_CONVERSION = YES;
				GCC_WARN_ABOUT_RETURN_TYPE = YES_ERROR;
				GCC_WARN_UNDECLARED_SELECTOR = YES;
				GCC_WARN_UNINITIALIZED_AUTOS = YES_AGGRESSIVE;
				GCC_WARN_UNUSED_FUNCTION = YES;
				GCC_WARN_UNUSED_VARIABLE = YES;
				IPHONEOS_DEPLOYMENT_TARGET = 9.0;
				MTL_ENABLE_DEBUG_INFO = NO;
				SDKROOT = iphoneos;
				VALIDATE_PRODUCT = YES;
			};
			name = Release;
		};
/* End XCBuildConfiguration section */

/* Begin XCConfigurationList section */
		00E357021AD99517003FC87E /* Build configuration list for PBXNativeTarget "VolunteersPmrTests" */ = {
			isa = XCConfigurationList;
			buildConfigurations = (
				00E356F61AD99517003FC87E /* Debug */,
				00E356F71AD99517003FC87E /* Release */,
			);
			defaultConfigurationIsVisible = 0;
			defaultConfigurationName = Release;
		};
		13B07F931A680F5B00A75B9A /* Build configuration list for PBXNativeTarget "VolunteersPmr" */ = {
			isa = XCConfigurationList;
			buildConfigurations = (
				13B07F941A680F5B00A75B9A /* Debug */,
				13B07F951A680F5B00A75B9A /* Release */,
			);
			defaultConfigurationIsVisible = 0;
			defaultConfigurationName = Release;
		};
		2D02E4BA1E0B4A5E006451C7 /* Build configuration list for PBXNativeTarget "VolunteersPmr-tvOS" */ = {
			isa = XCConfigurationList;
			buildConfigurations = (
				2D02E4971E0B4A5E006451C7 /* Debug */,
				2D02E4981E0B4A5E006451C7 /* Release */,
			);
			defaultConfigurationIsVisible = 0;
			defaultConfigurationName = Release;
		};
		2D02E4BB1E0B4A5E006451C7 /* Build configuration list for PBXNativeTarget "VolunteersPmr-tvOSTests" */ = {
			isa = XCConfigurationList;
			buildConfigurations = (
				2D02E4991E0B4A5E006451C7 /* Debug */,
				2D02E49A1E0B4A5E006451C7 /* Release */,
			);
			defaultConfigurationIsVisible = 0;
			defaultConfigurationName = Release;
		};
		83CBB9FA1A601CBA00E9B192 /* Build configuration list for PBXProject "VolunteersPmr" */ = {
			isa = XCConfigurationList;
			buildConfigurations = (
				83CBBA201A601CBA00E9B192 /* Debug */,
				83CBBA211A601CBA00E9B192 /* Release */,
			);
			defaultConfigurationIsVisible = 0;
			defaultConfigurationName = Release;
		};
/* End XCConfigurationList section */
	};
	rootObject = 83CBB9F71A601CBA00E9B192 /* Project object */;
}
